
Microsoft Visual Studio Solution File, Format Version 12.00
# Visual Studio Version 16
VisualStudioVersion = 16.0.30114.105
MinimumVisualStudioVersion = 10.0.40219.1
Project("{FAE04EC0-301F-11D3-BF4B-00C04F79EFBC}") = "Practice.Test", "Practice.Test\Practice.Test.csproj", "{3203C6AF-8743-43BD-BF16-236024C76C82}"
EndProject
Project("{FAE04EC0-301F-11D3-BF4B-00C04F79EFBC}") = "Calculator", "Calculator\Calculator.csproj", "{00D670B2-AFEC-4515-A8B4-31D4629DD992}"
EndProject
Global
	GlobalSection(SolutionConfigurationPlatforms) = preSolution
		Debug|Any CPU = Debug|Any CPU
		Release|Any CPU = Release|Any CPU
	EndGlobalSection
	GlobalSection(ProjectConfigurationPlatforms) = postSolution
		{3203C6AF-8743-43BD-BF16-236024C76C82}.Debug|Any CPU.ActiveCfg = Debug|Any CPU
		{3203C6AF-8743-43BD-BF16-236024C76C82}.Debug|Any CPU.Build.0 = Debug|Any CPU
		{3203C6AF-8743-43BD-BF16-236024C76C82}.Release|Any CPU.ActiveCfg = Release|Any CPU
		{3203C6AF-8743-43BD-BF16-236024C76C82}.Release|Any CPU.Build.0 = Release|Any CPU
		{00D670B2-AFEC-4515-A8B4-31D4629DD992}.Debug|Any CPU.ActiveCfg = Debug|Any CPU
		{00D670B2-AFEC-4515-A8B4-31D4629DD992}.Debug|Any CPU.Build.0 = Debug|Any CPU
		{00D670B2-AFEC-4515-A8B4-31D4629DD992}.Release|Any CPU.ActiveCfg = Release|Any CPU
		{00D670B2-AFEC-4515-A8B4-31D4629DD992}.Release|Any CPU.Build.0 = Release|Any CPU
	EndGlobalSection
	GlobalSection(SolutionProperties) = preSolution
		HideSolutionNode = FALSE
	EndGlobalSection
	GlobalSection(ExtensibilityGlobals) = postSolution
		SolutionGuid = {8A5E502C-955A-419A-81F5-B154A7C731E8}
	EndGlobalSection
EndGlobal
